
Microsoft Visual Studio Solution File, Format Version 12.00
# Visual Studio Version 17
VisualStudioVersion = 17.13.35723.152 d17.13
MinimumVisualStudioVersion = 10.0.40219.1
Project("{FAE04EC0-301F-11D3-BF4B-00C04F79EFBC}") = "BEWebPNJ", "BEWebPNJ\BEWebPNJ.csproj", "{355D113B-83DD-40A6-AAD7-927C0E264E84}"
EndProject
Global
	GlobalSection(SolutionConfigurationPlatforms) = preSolution
		Debug|Any CPU = Debug|Any CPU
		Release|Any CPU = Release|Any CPU
	EndGlobalSection
	GlobalSection(ProjectConfigurationPlatforms) = postSolution
		{355D113B-83DD-40A6-AAD7-927C0E264E84}.Debug|Any CPU.ActiveCfg = Debug|Any CPU
		{355D113B-83DD-40A6-AAD7-927C0E264E84}.Debug|Any CPU.Build.0 = Debug|Any CPU
		{355D113B-83DD-40A6-AAD7-927C0E264E84}.Release|Any CPU.ActiveCfg = Release|Any CPU
		{355D113B-83DD-40A6-AAD7-927C0E264E84}.Release|Any CPU.Build.0 = Release|Any CPU
	EndGlobalSection
	GlobalSection(SolutionProperties) = preSolution
		HideSolutionNode = FALSE
	EndGlobalSection
	GlobalSection(ExtensibilityGlobals) = postSolution
		SolutionGuid = {FE5EBE79-DD50-4B36-9C5F-EC4164C4B3D3}
	EndGlobalSection
EndGlobal
